{
  "requires": true,
  "lockfileVersion": 1,
  "dependencies": {
    "amplitudejs": {
      "version": "5.3.1",
      "resolved": "https://registry.npmjs.org/amplitudejs/-/amplitudejs-5.3.1.tgz",
      "integrity": "sha512-5T0+e4xJIi2FjobGqnMfS77SU0CFmYeBXpGX6zc1MLbr5FY+5R9x2EwiFlKCekcykWoPPFaBMqg72M7OAaDdow=="
    }
  }
}
